
Microsoft Visual Studio Solution File, Format Version 12.00
# Visual Studio 14
VisualStudioVersion = 14.0.25420.1
MinimumVisualStudioVersion = 10.0.40219.1
Project("{FAE04EC0-301F-11D3-BF4B-00C04F79EFBC}") = "Threading", "Threading\Threading.csproj", "{976BC405-99EB-4F47-B950-5C77B80D2A74}"
EndProject
Project("{FAE04EC0-301F-11D3-BF4B-00C04F79EFBC}") = "Threading.Tests", "Threading.Tests\Threading.Tests.csproj", "{CDF9D2EE-F7EC-4331-BF38-55C4A4B17870}"
EndProject
Project("{2150E333-8FDC-42A3-9474-1A3956D46DE8}") = "Solution Items", "Solution Items", "{54F5F453-1138-4F0B-ADEF-1AD67768F814}"
	ProjectSection(SolutionItems) = preProject
		.runsettings = .runsettings
		100_coverage_hsoftware_test_results.jpg = 100_coverage_hsoftware_test_results.jpg
		Readme.txt = Readme.txt
	EndProjectSection
EndProject
Project("{FAE04EC0-301F-11D3-BF4B-00C04F79EFBC}") = "Web", "Web\Web.csproj", "{8C39B4D6-8511-4C53-953B-1A88E7AA453C}"
EndProject
Project("{FAE04EC0-301F-11D3-BF4B-00C04F79EFBC}") = "UsingSealed", "UsingSealed\UsingSealed.csproj", "{679AE4CB-894C-45A3-AFAB-FB239C08674D}"
EndProject
Project("{FAE04EC0-301F-11D3-BF4B-00C04F79EFBC}") = "UsingSealed.Tests", "UsingSealed.Tests\UsingSealed.Tests.csproj", "{0DD73679-B95A-43E6-8BF3-E788A573AB68}"
EndProject
Global
	GlobalSection(SolutionConfigurationPlatforms) = preSolution
		Debug|Any CPU = Debug|Any CPU
		Debug|x86 = Debug|x86
		Release|Any CPU = Release|Any CPU
		Release|x86 = Release|x86
	EndGlobalSection
	GlobalSection(ProjectConfigurationPlatforms) = postSolution
		{976BC405-99EB-4F47-B950-5C77B80D2A74}.Debug|Any CPU.ActiveCfg = Debug|Any CPU
		{976BC405-99EB-4F47-B950-5C77B80D2A74}.Debug|Any CPU.Build.0 = Debug|Any CPU
		{976BC405-99EB-4F47-B950-5C77B80D2A74}.Debug|x86.ActiveCfg = Debug|x86
		{976BC405-99EB-4F47-B950-5C77B80D2A74}.Debug|x86.Build.0 = Debug|x86
		{976BC405-99EB-4F47-B950-5C77B80D2A74}.Release|Any CPU.ActiveCfg = Release|Any CPU
		{976BC405-99EB-4F47-B950-5C77B80D2A74}.Release|Any CPU.Build.0 = Release|Any CPU
		{976BC405-99EB-4F47-B950-5C77B80D2A74}.Release|x86.ActiveCfg = Release|x86
		{976BC405-99EB-4F47-B950-5C77B80D2A74}.Release|x86.Build.0 = Release|x86
		{CDF9D2EE-F7EC-4331-BF38-55C4A4B17870}.Debug|Any CPU.ActiveCfg = Debug|Any CPU
		{CDF9D2EE-F7EC-4331-BF38-55C4A4B17870}.Debug|Any CPU.Build.0 = Debug|Any CPU
		{CDF9D2EE-F7EC-4331-BF38-55C4A4B17870}.Debug|x86.ActiveCfg = Debug|Any CPU
		{CDF9D2EE-F7EC-4331-BF38-55C4A4B17870}.Debug|x86.Build.0 = Debug|Any CPU
		{CDF9D2EE-F7EC-4331-BF38-55C4A4B17870}.Release|Any CPU.ActiveCfg = Release|Any CPU
		{CDF9D2EE-F7EC-4331-BF38-55C4A4B17870}.Release|Any CPU.Build.0 = Release|Any CPU
		{CDF9D2EE-F7EC-4331-BF38-55C4A4B17870}.Release|x86.ActiveCfg = Release|Any CPU
		{CDF9D2EE-F7EC-4331-BF38-55C4A4B17870}.Release|x86.Build.0 = Release|Any CPU
		{8C39B4D6-8511-4C53-953B-1A88E7AA453C}.Debug|Any CPU.ActiveCfg = Debug|Any CPU
		{8C39B4D6-8511-4C53-953B-1A88E7AA453C}.Debug|Any CPU.Build.0 = Debug|Any CPU
		{8C39B4D6-8511-4C53-953B-1A88E7AA453C}.Debug|x86.ActiveCfg = Debug|x86
		{8C39B4D6-8511-4C53-953B-1A88E7AA453C}.Debug|x86.Build.0 = Debug|x86
		{8C39B4D6-8511-4C53-953B-1A88E7AA453C}.Release|Any CPU.ActiveCfg = Release|Any CPU
		{8C39B4D6-8511-4C53-953B-1A88E7AA453C}.Release|Any CPU.Build.0 = Release|Any CPU
		{8C39B4D6-8511-4C53-953B-1A88E7AA453C}.Release|x86.ActiveCfg = Release|x86
		{8C39B4D6-8511-4C53-953B-1A88E7AA453C}.Release|x86.Build.0 = Release|x86
		{679AE4CB-894C-45A3-AFAB-FB239C08674D}.Debug|Any CPU.ActiveCfg = Debug|Any CPU
		{679AE4CB-894C-45A3-AFAB-FB239C08674D}.Debug|Any CPU.Build.0 = Debug|Any CPU
		{679AE4CB-894C-45A3-AFAB-FB239C08674D}.Debug|x86.ActiveCfg = Debug|x86
		{679AE4CB-894C-45A3-AFAB-FB239C08674D}.Debug|x86.Build.0 = Debug|x86
		{679AE4CB-894C-45A3-AFAB-FB239C08674D}.Release|Any CPU.ActiveCfg = Release|Any CPU
		{679AE4CB-894C-45A3-AFAB-FB239C08674D}.Release|Any CPU.Build.0 = Release|Any CPU
		{679AE4CB-894C-45A3-AFAB-FB239C08674D}.Release|x86.ActiveCfg = Release|x86
		{679AE4CB-894C-45A3-AFAB-FB239C08674D}.Release|x86.Build.0 = Release|x86
		{0DD73679-B95A-43E6-8BF3-E788A573AB68}.Debug|Any CPU.ActiveCfg = Debug|Any CPU
		{0DD73679-B95A-43E6-8BF3-E788A573AB68}.Debug|Any CPU.Build.0 = Debug|Any CPU
		{0DD73679-B95A-43E6-8BF3-E788A573AB68}.Debug|x86.ActiveCfg = Debug|Any CPU
		{0DD73679-B95A-43E6-8BF3-E788A573AB68}.Debug|x86.Build.0 = Debug|Any CPU
		{0DD73679-B95A-43E6-8BF3-E788A573AB68}.Release|Any CPU.ActiveCfg = Release|Any CPU
		{0DD73679-B95A-43E6-8BF3-E788A573AB68}.Release|Any CPU.Build.0 = Release|Any CPU
		{0DD73679-B95A-43E6-8BF3-E788A573AB68}.Release|x86.ActiveCfg = Release|Any CPU
		{0DD73679-B95A-43E6-8BF3-E788A573AB68}.Release|x86.Build.0 = Release|Any CPU
	EndGlobalSection
	GlobalSection(SolutionProperties) = preSolution
		HideSolutionNode = FALSE
	EndGlobalSection
EndGlobal
